
Microsoft Visual Studio Solution File, Format Version 12.00
# Visual Studio Version 16
VisualStudioVersion = 16.0.31005.135
MinimumVisualStudioVersion = 10.0.40219.1
Project("{FAE04EC0-301F-11D3-BF4B-00C04F79EFBC}") = "vid19", "vid19\vid19.csproj", "{AA30AD8D-1637-4D75-90B3-8F206B8CA8B7}"
EndProject
Global
	GlobalSection(SolutionConfigurationPlatforms) = preSolution
		Debug|Any CPU = Debug|Any CPU
		Release|Any CPU = Release|Any CPU
	EndGlobalSection
	GlobalSection(ProjectConfigurationPlatforms) = postSolution
		{AA30AD8D-1637-4D75-90B3-8F206B8CA8B7}.Debug|Any CPU.ActiveCfg = Debug|Any CPU
		{AA30AD8D-1637-4D75-90B3-8F206B8CA8B7}.Debug|Any CPU.Build.0 = Debug|Any CPU
		{AA30AD8D-1637-4D75-90B3-8F206B8CA8B7}.Release|Any CPU.ActiveCfg = Release|Any CPU
		{AA30AD8D-1637-4D75-90B3-8F206B8CA8B7}.Release|Any CPU.Build.0 = Release|Any CPU
	EndGlobalSection
	GlobalSection(SolutionProperties) = preSolution
		HideSolutionNode = FALSE
	EndGlobalSection
	GlobalSection(ExtensibilityGlobals) = postSolution
		SolutionGuid = {0D607099-08EE-48D1-B721-DE8CA34DF35B}
	EndGlobalSection
EndGlobal
